
Microsoft Visual Studio Solution File, Format Version 12.00
# Visual Studio 15
VisualStudioVersion = 15.0.28307.1259
MinimumVisualStudioVersion = 10.0.40219.1
Project("{FAE04EC0-301F-11D3-BF4B-00C04F79EFBC}") = "ServiceRest_071_AisyahDiniaKencana", "ServiceRest_071_AisyahDiniaKencana\ServiceRest_071_AisyahDiniaKencana.csproj", "{7EEE97A1-9522-4700-A36F-3191B6A8ECAC}"
EndProject
Global
	GlobalSection(SolutionConfigurationPlatforms) = preSolution
		Debug|Any CPU = Debug|Any CPU
		Release|Any CPU = Release|Any CPU
	EndGlobalSection
	GlobalSection(ProjectConfigurationPlatforms) = postSolution
		{7EEE97A1-9522-4700-A36F-3191B6A8ECAC}.Debug|Any CPU.ActiveCfg = Debug|Any CPU
		{7EEE97A1-9522-4700-A36F-3191B6A8ECAC}.Debug|Any CPU.Build.0 = Debug|Any CPU
		{7EEE97A1-9522-4700-A36F-3191B6A8ECAC}.Release|Any CPU.ActiveCfg = Release|Any CPU
		{7EEE97A1-9522-4700-A36F-3191B6A8ECAC}.Release|Any CPU.Build.0 = Release|Any CPU
	EndGlobalSection
	GlobalSection(SolutionProperties) = preSolution
		HideSolutionNode = FALSE
	EndGlobalSection
	GlobalSection(ExtensibilityGlobals) = postSolution
		SolutionGuid = {866FAF21-A5B9-4C6D-AA39-515E6245C40F}
	EndGlobalSection
EndGlobal
